
Microsoft Visual Studio Solution File, Format Version 12.00
# Visual Studio Version 16
VisualStudioVersion = 16.0.30711.63
MinimumVisualStudioVersion = 10.0.40219.1
Project("{8BC9CEB8-8B4A-11D0-8D11-00A0C91BC942}") = "1st", "1st\1st.vcxproj", "{E0D750EC-E462-4CE1-AF76-FC7C3BEFDC78}"
EndProject
Project("{2150E333-8FDC-42A3-9474-1A3956D46DE8}") = "Solution Items", "Solution Items", "{CA2AE682-D5B1-442C-A819-9B95A63451AF}"
	ProjectSection(SolutionItems) = preProject
		..\..\.clang-format = ..\..\.clang-format
		..\..\.clang-tidy = ..\..\.clang-tidy
	EndProjectSection
EndProject
Project("{8BC9CEB8-8B4A-11D0-8D11-00A0C91BC942}") = "2nd", "2nd\2nd.vcxproj", "{6BD40392-F09B-4CDE-B242-6A0E0E0C2604}"
EndProject
Global
	GlobalSection(SolutionConfigurationPlatforms) = preSolution
		Debug|x64 = Debug|x64
		Debug|x86 = Debug|x86
		Release|x64 = Release|x64
		Release|x86 = Release|x86
	EndGlobalSection
	GlobalSection(ProjectConfigurationPlatforms) = postSolution
		{E0D750EC-E462-4CE1-AF76-FC7C3BEFDC78}.Debug|x64.ActiveCfg = Debug|x64
		{E0D750EC-E462-4CE1-AF76-FC7C3BEFDC78}.Debug|x64.Build.0 = Debug|x64
		{E0D750EC-E462-4CE1-AF76-FC7C3BEFDC78}.Debug|x86.ActiveCfg = Debug|Win32
		{E0D750EC-E462-4CE1-AF76-FC7C3BEFDC78}.Debug|x86.Build.0 = Debug|Win32
		{E0D750EC-E462-4CE1-AF76-FC7C3BEFDC78}.Release|x64.ActiveCfg = Release|x64
		{E0D750EC-E462-4CE1-AF76-FC7C3BEFDC78}.Release|x64.Build.0 = Release|x64
		{E0D750EC-E462-4CE1-AF76-FC7C3BEFDC78}.Release|x86.ActiveCfg = Release|Win32
		{E0D750EC-E462-4CE1-AF76-FC7C3BEFDC78}.Release|x86.Build.0 = Release|Win32
		{6BD40392-F09B-4CDE-B242-6A0E0E0C2604}.Debug|x64.ActiveCfg = Debug|x64
		{6BD40392-F09B-4CDE-B242-6A0E0E0C2604}.Debug|x64.Build.0 = Debug|x64
		{6BD40392-F09B-4CDE-B242-6A0E0E0C2604}.Debug|x86.ActiveCfg = Debug|Win32
		{6BD40392-F09B-4CDE-B242-6A0E0E0C2604}.Debug|x86.Build.0 = Debug|Win32
		{6BD40392-F09B-4CDE-B242-6A0E0E0C2604}.Release|x64.ActiveCfg = Release|x64
		{6BD40392-F09B-4CDE-B242-6A0E0E0C2604}.Release|x64.Build.0 = Release|x64
		{6BD40392-F09B-4CDE-B242-6A0E0E0C2604}.Release|x86.ActiveCfg = Release|Win32
		{6BD40392-F09B-4CDE-B242-6A0E0E0C2604}.Release|x86.Build.0 = Release|Win32
	EndGlobalSection
	GlobalSection(SolutionProperties) = preSolution
		HideSolutionNode = FALSE
	EndGlobalSection
	GlobalSection(ExtensibilityGlobals) = postSolution
		SolutionGuid = {21EBDBD1-8EB9-4FA5-9559-3395C64321EF}
	EndGlobalSection
EndGlobal
